
Microsoft Visual Studio Solution File, Format Version 12.00
# Visual Studio Version 16
VisualStudioVersion = 16.0.33328.57
MinimumVisualStudioVersion = 10.0.40219.1
Project("{2150E333-8FDC-42A3-9474-1A3956D46DE8}") = "01.Clients", "01.Clients", "{862387C4-8E2C-47C0-9094-09E3AFAD5626}"
EndProject
Project("{2150E333-8FDC-42A3-9474-1A3956D46DE8}") = "02.ApiGateways", "02.ApiGateways", "{E8EE780E-41B3-4DF2-A6D1-7BB520ABD97A}"
EndProject
Project("{2150E333-8FDC-42A3-9474-1A3956D46DE8}") = "03.Services", "03.Services", "{15A619BC-C336-4067-B10B-5543B5E2203F}"
EndProject
Project("{2150E333-8FDC-42A3-9474-1A3956D46DE8}") = "01.Identity", "01.Identity", "{8EBF3739-DF94-4668-B82E-86D632D1990D}"
EndProject
Project("{2150E333-8FDC-42A3-9474-1A3956D46DE8}") = "02.Catalog", "02.Catalog", "{C5D4DC78-7B6F-4139-8B9B-8A1BFFE823FF}"
EndProject
Project("{2150E333-8FDC-42A3-9474-1A3956D46DE8}") = "03.Customer", "03.Customer", "{D61CDBE7-E9F7-4A82-B04B-5BDD4BDC307C}"
EndProject
Project("{2150E333-8FDC-42A3-9474-1A3956D46DE8}") = "04.Order", "04.Order", "{23F2B9AF-7848-4C96-8B9E-2B2C4AD1F0EF}"
EndProject
Project("{9A19103F-16F7-4668-BE54-9A1E7A4F7556}") = "Catalog.Api", "src\Services\Catalog\Catalog.Api\Catalog.Api.csproj", "{BF075031-BFFB-4112-82B4-58CCB1FA519F}"
EndProject
Project("{2150E333-8FDC-42A3-9474-1A3956D46DE8}") = "01.Api", "01.Api", "{18EC40CD-54A4-403D-A468-F45E3EF9E34C}"
EndProject
Project("{2150E333-8FDC-42A3-9474-1A3956D46DE8}") = "02.Services", "02.Services", "{752826D7-5C8B-4D03-9749-8FFF6B52A938}"
EndProject
Project("{2150E333-8FDC-42A3-9474-1A3956D46DE8}") = "03.Persistence", "03.Persistence", "{F607D47B-F9D4-4D54-8DD2-9C5DBE9487C2}"
EndProject
Project("{2150E333-8FDC-42A3-9474-1A3956D46DE8}") = "04.Models", "04.Models", "{2C5BD9F8-069D-4D66-BE4D-1898F4E81DF5}"
EndProject
Project("{9A19103F-16F7-4668-BE54-9A1E7A4F7556}") = "Catalog.Domain", "src\Services\Catalog\Catalog.Domain\Catalog.Domain.csproj", "{D9ADBAFF-A14D-4D1D-96EA-46402405A72C}"
EndProject
Project("{9A19103F-16F7-4668-BE54-9A1E7A4F7556}") = "Catalog.Persistence.Database", "src\Services\Catalog\Catalog.Persistence.Database\Catalog.Persistence.Database.csproj", "{50B11F26-E661-4722-AD45-69480CC1B488}"
EndProject
Project("{9A19103F-16F7-4668-BE54-9A1E7A4F7556}") = "Catalog.Services.Queries", "src\Services\Catalog\Catalog.Services.Queries\Catalog.Services.Queries.csproj", "{7978A069-36B4-4685-B3AD-4EBEB4DAAA88}"
EndProject
Project("{2150E333-8FDC-42A3-9474-1A3956D46DE8}") = "Common", "Common", "{3BE49F44-F722-4B5C-B205-3B148B70D23B}"
EndProject
Project("{9A19103F-16F7-4668-BE54-9A1E7A4F7556}") = "Services.Common.Collection", "src\Services\Services.Common.Collection\Services.Common.Collection.csproj", "{D83B2311-D42A-4C80-B15E-F2C49A4C201C}"
EndProject
Project("{9A19103F-16F7-4668-BE54-9A1E7A4F7556}") = "Services.Common.Mapping", "src\Services\Services.Common.Mapping\Services.Common.Mapping.csproj", "{22691A0C-A02D-40B4-B9ED-97041E87A7D7}"
EndProject
Project("{9A19103F-16F7-4668-BE54-9A1E7A4F7556}") = "Services.Common.Paging", "Services.Common.Paging\Services.Common.Paging.csproj", "{CCDCBE7F-9230-42FA-9904-09A234AEBEC0}"
EndProject
Project("{9A19103F-16F7-4668-BE54-9A1E7A4F7556}") = "Catalog.Service.EventHandlers", "src\Services\Catalog\Catalog.Service.EventHandlers\Catalog.Service.EventHandlers.csproj", "{3715AFE3-8430-4235-BD55-61C01E42DEF6}"
EndProject
Global
	GlobalSection(SolutionConfigurationPlatforms) = preSolution
		Debug|Any CPU = Debug|Any CPU
		Release|Any CPU = Release|Any CPU
	EndGlobalSection
	GlobalSection(ProjectConfigurationPlatforms) = postSolution
		{BF075031-BFFB-4112-82B4-58CCB1FA519F}.Debug|Any CPU.ActiveCfg = Debug|Any CPU
		{BF075031-BFFB-4112-82B4-58CCB1FA519F}.Debug|Any CPU.Build.0 = Debug|Any CPU
		{BF075031-BFFB-4112-82B4-58CCB1FA519F}.Release|Any CPU.ActiveCfg = Release|Any CPU
		{BF075031-BFFB-4112-82B4-58CCB1FA519F}.Release|Any CPU.Build.0 = Release|Any CPU
		{D9ADBAFF-A14D-4D1D-96EA-46402405A72C}.Debug|Any CPU.ActiveCfg = Debug|Any CPU
		{D9ADBAFF-A14D-4D1D-96EA-46402405A72C}.Debug|Any CPU.Build.0 = Debug|Any CPU
		{D9ADBAFF-A14D-4D1D-96EA-46402405A72C}.Release|Any CPU.ActiveCfg = Release|Any CPU
		{D9ADBAFF-A14D-4D1D-96EA-46402405A72C}.Release|Any CPU.Build.0 = Release|Any CPU
		{50B11F26-E661-4722-AD45-69480CC1B488}.Debug|Any CPU.ActiveCfg = Debug|Any CPU
		{50B11F26-E661-4722-AD45-69480CC1B488}.Debug|Any CPU.Build.0 = Debug|Any CPU
		{50B11F26-E661-4722-AD45-69480CC1B488}.Release|Any CPU.ActiveCfg = Release|Any CPU
		{50B11F26-E661-4722-AD45-69480CC1B488}.Release|Any CPU.Build.0 = Release|Any CPU
		{7978A069-36B4-4685-B3AD-4EBEB4DAAA88}.Debug|Any CPU.ActiveCfg = Debug|Any CPU
		{7978A069-36B4-4685-B3AD-4EBEB4DAAA88}.Debug|Any CPU.Build.0 = Debug|Any CPU
		{7978A069-36B4-4685-B3AD-4EBEB4DAAA88}.Release|Any CPU.ActiveCfg = Release|Any CPU
		{7978A069-36B4-4685-B3AD-4EBEB4DAAA88}.Release|Any CPU.Build.0 = Release|Any CPU
		{D83B2311-D42A-4C80-B15E-F2C49A4C201C}.Debug|Any CPU.ActiveCfg = Debug|Any CPU
		{D83B2311-D42A-4C80-B15E-F2C49A4C201C}.Debug|Any CPU.Build.0 = Debug|Any CPU
		{D83B2311-D42A-4C80-B15E-F2C49A4C201C}.Release|Any CPU.ActiveCfg = Release|Any CPU
		{D83B2311-D42A-4C80-B15E-F2C49A4C201C}.Release|Any CPU.Build.0 = Release|Any CPU
		{22691A0C-A02D-40B4-B9ED-97041E87A7D7}.Debug|Any CPU.ActiveCfg = Debug|Any CPU
		{22691A0C-A02D-40B4-B9ED-97041E87A7D7}.Debug|Any CPU.Build.0 = Debug|Any CPU
		{22691A0C-A02D-40B4-B9ED-97041E87A7D7}.Release|Any CPU.ActiveCfg = Release|Any CPU
		{22691A0C-A02D-40B4-B9ED-97041E87A7D7}.Release|Any CPU.Build.0 = Release|Any CPU
		{CCDCBE7F-9230-42FA-9904-09A234AEBEC0}.Debug|Any CPU.ActiveCfg = Debug|Any CPU
		{CCDCBE7F-9230-42FA-9904-09A234AEBEC0}.Debug|Any CPU.Build.0 = Debug|Any CPU
		{CCDCBE7F-9230-42FA-9904-09A234AEBEC0}.Release|Any CPU.ActiveCfg = Release|Any CPU
		{CCDCBE7F-9230-42FA-9904-09A234AEBEC0}.Release|Any CPU.Build.0 = Release|Any CPU
		{3715AFE3-8430-4235-BD55-61C01E42DEF6}.Debug|Any CPU.ActiveCfg = Debug|Any CPU
		{3715AFE3-8430-4235-BD55-61C01E42DEF6}.Debug|Any CPU.Build.0 = Debug|Any CPU
		{3715AFE3-8430-4235-BD55-61C01E42DEF6}.Release|Any CPU.ActiveCfg = Release|Any CPU
		{3715AFE3-8430-4235-BD55-61C01E42DEF6}.Release|Any CPU.Build.0 = Release|Any CPU
	EndGlobalSection
	GlobalSection(SolutionProperties) = preSolution
		HideSolutionNode = FALSE
	EndGlobalSection
	GlobalSection(NestedProjects) = preSolution
		{8EBF3739-DF94-4668-B82E-86D632D1990D} = {15A619BC-C336-4067-B10B-5543B5E2203F}
		{C5D4DC78-7B6F-4139-8B9B-8A1BFFE823FF} = {15A619BC-C336-4067-B10B-5543B5E2203F}
		{D61CDBE7-E9F7-4A82-B04B-5BDD4BDC307C} = {15A619BC-C336-4067-B10B-5543B5E2203F}
		{23F2B9AF-7848-4C96-8B9E-2B2C4AD1F0EF} = {15A619BC-C336-4067-B10B-5543B5E2203F}
		{BF075031-BFFB-4112-82B4-58CCB1FA519F} = {18EC40CD-54A4-403D-A468-F45E3EF9E34C}
		{18EC40CD-54A4-403D-A468-F45E3EF9E34C} = {C5D4DC78-7B6F-4139-8B9B-8A1BFFE823FF}
		{752826D7-5C8B-4D03-9749-8FFF6B52A938} = {C5D4DC78-7B6F-4139-8B9B-8A1BFFE823FF}
		{F607D47B-F9D4-4D54-8DD2-9C5DBE9487C2} = {C5D4DC78-7B6F-4139-8B9B-8A1BFFE823FF}
		{2C5BD9F8-069D-4D66-BE4D-1898F4E81DF5} = {C5D4DC78-7B6F-4139-8B9B-8A1BFFE823FF}
		{D9ADBAFF-A14D-4D1D-96EA-46402405A72C} = {2C5BD9F8-069D-4D66-BE4D-1898F4E81DF5}
		{50B11F26-E661-4722-AD45-69480CC1B488} = {F607D47B-F9D4-4D54-8DD2-9C5DBE9487C2}
		{7978A069-36B4-4685-B3AD-4EBEB4DAAA88} = {752826D7-5C8B-4D03-9749-8FFF6B52A938}
		{3BE49F44-F722-4B5C-B205-3B148B70D23B} = {15A619BC-C336-4067-B10B-5543B5E2203F}
		{D83B2311-D42A-4C80-B15E-F2C49A4C201C} = {3BE49F44-F722-4B5C-B205-3B148B70D23B}
		{22691A0C-A02D-40B4-B9ED-97041E87A7D7} = {3BE49F44-F722-4B5C-B205-3B148B70D23B}
		{CCDCBE7F-9230-42FA-9904-09A234AEBEC0} = {3BE49F44-F722-4B5C-B205-3B148B70D23B}
		{3715AFE3-8430-4235-BD55-61C01E42DEF6} = {752826D7-5C8B-4D03-9749-8FFF6B52A938}
	EndGlobalSection
	GlobalSection(ExtensibilityGlobals) = postSolution
		SolutionGuid = {00830A73-ED35-43B5-A07F-45122CCD4B38}
	EndGlobalSection
EndGlobal
